// !$*UTF8*$!
{
	archiveVersion = 1;
	classes = {
	};
	objectVersion = 56;
	objects = {

/* Begin PBXBuildFile section */
		C09CD20B2A84A1A900C58757 /* AppDelegate.swift in Sources */ = {isa = PBXBuildFile; fileRef = C09CD20A2A84A1A900C58757 /* AppDelegate.swift */; };
		C09CD20D2A84A1A900C58757 /* SceneDelegate.swift in Sources */ = {isa = PBXBuildFile; fileRef = C09CD20C2A84A1A900C58757 /* SceneDelegate.swift */; };
		C09CD20F2A84A1A900C58757 /* ViewController.swift in Sources */ = {isa = PBXBuildFile; fileRef = C09CD20E2A84A1A900C58757 /* ViewController.swift */; };
		C09CD2122A84A1A900C58757 /* Main.storyboard in Resources */ = {isa = PBXBuildFile; fileRef = C09CD2102A84A1A900C58757 /* Main.storyboard */; };
		C09CD2142A84A1A900C58757 /* Assets.xcassets in Resources */ = {isa = PBXBuildFile; fileRef = C09CD2132A84A1A900C58757 /* Assets.xcassets */; };
		C09CD2172A84A1A900C58757 /* LaunchScreen.storyboard in Resources */ = {isa = PBXBuildFile; fileRef = C09CD2152A84A1A900C58757 /* LaunchScreen.storyboard */; };
		C09CD2222A84A1AA00C58757 /* MovieTicketBookingAppTests.swift in Sources */ = {isa = PBXBuildFile; fileRef = C09CD2212A84A1AA00C58757 /* MovieTicketBookingAppTests.swift */; };
		C09CD22C2A84A1AA00C58757 /* MovieTicketBookingAppUITests.swift in Sources */ = {isa = PBXBuildFile; fileRef = C09CD22B2A84A1AA00C58757 /* MovieTicketBookingAppUITests.swift */; };
		C09CD22E2A84A1AA00C58757 /* MovieTicketBookingAppUITestsLaunchTests.swift in Sources */ = {isa = PBXBuildFile; fileRef = C09CD22D2A84A1AA00C58757 /* MovieTicketBookingAppUITestsLaunchTests.swift */; };
		D338518A2A8FFAD200A1F671 /* Kingfisher in Frameworks */ = {isa = PBXBuildFile; productRef = D33851892A8FFAD200A1F671 /* Kingfisher */; };
		D338518D2A901D8400A1F671 /* VoucherCollectionViewCell.swift in Sources */ = {isa = PBXBuildFile; fileRef = D338518B2A901D8400A1F671 /* VoucherCollectionViewCell.swift */; };
		D338518E2A901D8400A1F671 /* VoucherCollectionViewCell.xib in Resources */ = {isa = PBXBuildFile; fileRef = D338518C2A901D8400A1F671 /* VoucherCollectionViewCell.xib */; };
		D33851902A9021F400A1F671 /* VoucherModel.swift in Sources */ = {isa = PBXBuildFile; fileRef = D338518F2A9021F400A1F671 /* VoucherModel.swift */; };
		D3BEA1262A859754008EE563 /* HomeScreenViewController.swift in Sources */ = {isa = PBXBuildFile; fileRef = D3BEA1252A859754008EE563 /* HomeScreenViewController.swift */; };
		D3BEA12B2A8598E3008EE563 /* HomeScreenStoryboard.storyboard in Resources */ = {isa = PBXBuildFile; fileRef = D3BEA12A2A8598E3008EE563 /* HomeScreenStoryboard.storyboard */; };
		D3BEA1342A85CC41008EE563 /* MovieModel.swift in Sources */ = {isa = PBXBuildFile; fileRef = D3BEA1332A85CC41008EE563 /* MovieModel.swift */; };
		D3BEA15B2A882C42008EE563 /* MovieCategoryCollectionViewCell.swift in Sources */ = {isa = PBXBuildFile; fileRef = D3BEA1592A882C42008EE563 /* MovieCategoryCollectionViewCell.swift */; };
		D3BEA15C2A882C42008EE563 /* MovieCategoryCollectionViewCell.xib in Resources */ = {isa = PBXBuildFile; fileRef = D3BEA15A2A882C42008EE563 /* MovieCategoryCollectionViewCell.xib */; };
		D3BEA15F2A89CBFE008EE563 /* MovieCSCollectionViewCell.swift in Sources */ = {isa = PBXBuildFile; fileRef = D3BEA15D2A89CBFE008EE563 /* MovieCSCollectionViewCell.swift */; };
		D3BEA1602A89CBFE008EE563 /* MovieCSCollectionViewCell.xib in Resources */ = {isa = PBXBuildFile; fileRef = D3BEA15E2A89CBFE008EE563 /* MovieCSCollectionViewCell.xib */; };
		D3BEA1652A8D3126008EE563 /* CollectionViewPagingLayout in Frameworks */ = {isa = PBXBuildFile; productRef = D3BEA1642A8D3126008EE563 /* CollectionViewPagingLayout */; };
		D3BEA1AB2A8F8CF8008EE563 /* APIHandler.swift in Sources */ = {isa = PBXBuildFile; fileRef = D3BEA1AA2A8F8CF8008EE563 /* APIHandler.swift */; };
		D3BEA1AE2A8F8D14008EE563 /* Alamofire in Frameworks */ = {isa = PBXBuildFile; productRef = D3BEA1AD2A8F8D14008EE563 /* Alamofire */; };
/* End PBXBuildFile section */

/* Begin PBXContainerItemProxy section */
		C09CD21E2A84A1AA00C58757 /* PBXContainerItemProxy */ = {
			isa = PBXContainerItemProxy;
			containerPortal = C09CD1FF2A84A1A900C58757 /* Project object */;
			proxyType = 1;
			remoteGlobalIDString = C09CD2062A84A1A900C58757;
			remoteInfo = MovieTicketBookingApp;
		};
		C09CD2282A84A1AA00C58757 /* PBXContainerItemProxy */ = {
			isa = PBXContainerItemProxy;
			containerPortal = C09CD1FF2A84A1A900C58757 /* Project object */;
			proxyType = 1;
			remoteGlobalIDString = C09CD2062A84A1A900C58757;
			remoteInfo = MovieTicketBookingApp;
		};
/* End PBXContainerItemProxy section */

/* Begin PBXFileReference section */
		C09CD2072A84A1A900C58757 /* MovieTicketBookingApp.app */ = {isa = PBXFileReference; explicitFileType = wrapper.application; includeInIndex = 0; path = MovieTicketBookingApp.app; sourceTree = BUILT_PRODUCTS_DIR; };
		C09CD20A2A84A1A900C58757 /* AppDelegate.swift */ = {isa = PBXFileReference; lastKnownFileType = sourcecode.swift; path = AppDelegate.swift; sourceTree = "<group>"; };
		C09CD20C2A84A1A900C58757 /* SceneDelegate.swift */ = {isa = PBXFileReference; lastKnownFileType = sourcecode.swift; path = SceneDelegate.swift; sourceTree = "<group>"; };
		C09CD20E2A84A1A900C58757 /* ViewController.swift */ = {isa = PBXFileReference; lastKnownFileType = sourcecode.swift; path = ViewController.swift; sourceTree = "<group>"; };
		C09CD2112A84A1A900C58757 /* Base */ = {isa = PBXFileReference; lastKnownFileType = file.storyboard; name = Base; path = Base.lproj/Main.storyboard; sourceTree = "<group>"; };
		C09CD2132A84A1A900C58757 /* Assets.xcassets */ = {isa = PBXFileReference; lastKnownFileType = folder.assetcatalog; path = Assets.xcassets; sourceTree = "<group>"; };
		C09CD2162A84A1A900C58757 /* Base */ = {isa = PBXFileReference; lastKnownFileType = file.storyboard; name = Base; path = Base.lproj/LaunchScreen.storyboard; sourceTree = "<group>"; };
		C09CD2182A84A1A900C58757 /* Info.plist */ = {isa = PBXFileReference; lastKnownFileType = text.plist.xml; path = Info.plist; sourceTree = "<group>"; };
		C09CD21D2A84A1AA00C58757 /* MovieTicketBookingAppTests.xctest */ = {isa = PBXFileReference; explicitFileType = wrapper.cfbundle; includeInIndex = 0; path = MovieTicketBookingAppTests.xctest; sourceTree = BUILT_PRODUCTS_DIR; };
		C09CD2212A84A1AA00C58757 /* MovieTicketBookingAppTests.swift */ = {isa = PBXFileReference; lastKnownFileType = sourcecode.swift; path = MovieTicketBookingAppTests.swift; sourceTree = "<group>"; };
		C09CD2272A84A1AA00C58757 /* MovieTicketBookingAppUITests.xctest */ = {isa = PBXFileReference; explicitFileType = wrapper.cfbundle; includeInIndex = 0; path = MovieTicketBookingAppUITests.xctest; sourceTree = BUILT_PRODUCTS_DIR; };
		C09CD22B2A84A1AA00C58757 /* MovieTicketBookingAppUITests.swift */ = {isa = PBXFileReference; lastKnownFileType = sourcecode.swift; path = MovieTicketBookingAppUITests.swift; sourceTree = "<group>"; };
		C09CD22D2A84A1AA00C58757 /* MovieTicketBookingAppUITestsLaunchTests.swift */ = {isa = PBXFileReference; lastKnownFileType = sourcecode.swift; path = MovieTicketBookingAppUITestsLaunchTests.swift; sourceTree = "<group>"; };
		D338518B2A901D8400A1F671 /* VoucherCollectionViewCell.swift */ = {isa = PBXFileReference; lastKnownFileType = sourcecode.swift; path = VoucherCollectionViewCell.swift; sourceTree = "<group>"; };
		D338518C2A901D8400A1F671 /* VoucherCollectionViewCell.xib */ = {isa = PBXFileReference; lastKnownFileType = file.xib; path = VoucherCollectionViewCell.xib; sourceTree = "<group>"; };
		D338518F2A9021F400A1F671 /* VoucherModel.swift */ = {isa = PBXFileReference; lastKnownFileType = sourcecode.swift; path = VoucherModel.swift; sourceTree = "<group>"; };
		D3BEA1252A859754008EE563 /* HomeScreenViewController.swift */ = {isa = PBXFileReference; lastKnownFileType = sourcecode.swift; path = HomeScreenViewController.swift; sourceTree = "<group>"; };
		D3BEA12A2A8598E3008EE563 /* HomeScreenStoryboard.storyboard */ = {isa = PBXFileReference; lastKnownFileType = file.storyboard; path = HomeScreenStoryboard.storyboard; sourceTree = "<group>"; };
		D3BEA1332A85CC41008EE563 /* MovieModel.swift */ = {isa = PBXFileReference; lastKnownFileType = sourcecode.swift; path = MovieModel.swift; sourceTree = "<group>"; };
		D3BEA1592A882C42008EE563 /* MovieCategoryCollectionViewCell.swift */ = {isa = PBXFileReference; lastKnownFileType = sourcecode.swift; path = MovieCategoryCollectionViewCell.swift; sourceTree = "<group>"; };
		D3BEA15A2A882C42008EE563 /* MovieCategoryCollectionViewCell.xib */ = {isa = PBXFileReference; lastKnownFileType = file.xib; path = MovieCategoryCollectionViewCell.xib; sourceTree = "<group>"; };
		D3BEA15D2A89CBFE008EE563 /* MovieCSCollectionViewCell.swift */ = {isa = PBXFileReference; lastKnownFileType = sourcecode.swift; path = MovieCSCollectionViewCell.swift; sourceTree = "<group>"; };
		D3BEA15E2A89CBFE008EE563 /* MovieCSCollectionViewCell.xib */ = {isa = PBXFileReference; lastKnownFileType = file.xib; path = MovieCSCollectionViewCell.xib; sourceTree = "<group>"; };
		D3BEA1AA2A8F8CF8008EE563 /* APIHandler.swift */ = {isa = PBXFileReference; lastKnownFileType = sourcecode.swift; path = APIHandler.swift; sourceTree = "<group>"; };
/* End PBXFileReference section */

/* Begin PBXFrameworksBuildPhase section */
		C09CD2042A84A1A900C58757 /* Frameworks */ = {
			isa = PBXFrameworksBuildPhase;
			buildActionMask = 2147483647;
			files = (
				D338518A2A8FFAD200A1F671 /* Kingfisher in Frameworks */,
				D3BEA1652A8D3126008EE563 /* CollectionViewPagingLayout in Frameworks */,
				D3BEA1AE2A8F8D14008EE563 /* Alamofire in Frameworks */,
			);
			runOnlyForDeploymentPostprocessing = 0;
		};
		C09CD21A2A84A1AA00C58757 /* Frameworks */ = {
			isa = PBXFrameworksBuildPhase;
			buildActionMask = 2147483647;
			files = (
			);
			runOnlyForDeploymentPostprocessing = 0;
		};
		C09CD2242A84A1AA00C58757 /* Frameworks */ = {
			isa = PBXFrameworksBuildPhase;
			buildActionMask = 2147483647;
			files = (
			);
			runOnlyForDeploymentPostprocessing = 0;
		};
/* End PBXFrameworksBuildPhase section */

/* Begin PBXGroup section */
		C09CD1FE2A84A1A900C58757 = {
			isa = PBXGroup;
			children = (
				C09CD2092A84A1A900C58757 /* MovieTicketBookingApp */,
				C09CD2202A84A1AA00C58757 /* MovieTicketBookingAppTests */,
				C09CD22A2A84A1AA00C58757 /* MovieTicketBookingAppUITests */,
				C09CD2082A84A1A900C58757 /* Products */,
			);
			sourceTree = "<group>";
		};
		C09CD2082A84A1A900C58757 /* Products */ = {
			isa = PBXGroup;
			children = (
				C09CD2072A84A1A900C58757 /* MovieTicketBookingApp.app */,
				C09CD21D2A84A1AA00C58757 /* MovieTicketBookingAppTests.xctest */,
				C09CD2272A84A1AA00C58757 /* MovieTicketBookingAppUITests.xctest */,
			);
			name = Products;
			sourceTree = "<group>";
		};
		C09CD2092A84A1A900C58757 /* MovieTicketBookingApp */ = {
			isa = PBXGroup;
			children = (
				D3BEA1A92A8F8CD9008EE563 /* Handler */,
				D3BEA13D2A85D90A008EE563 /* ViewCells */,
				D3BEA1322A85CC2E008EE563 /* Model */,
				D3BEA1292A859836008EE563 /* Views */,
				D3BEA1212A85970B008EE563 /* ViewController */,
				C09CD20A2A84A1A900C58757 /* AppDelegate.swift */,
				C09CD20C2A84A1A900C58757 /* SceneDelegate.swift */,
				C09CD20E2A84A1A900C58757 /* ViewController.swift */,
				C09CD2102A84A1A900C58757 /* Main.storyboard */,
				C09CD2132A84A1A900C58757 /* Assets.xcassets */,
				C09CD2152A84A1A900C58757 /* LaunchScreen.storyboard */,
				C09CD2182A84A1A900C58757 /* Info.plist */,
			);
			path = MovieTicketBookingApp;
			sourceTree = "<group>";
		};
		C09CD2202A84A1AA00C58757 /* MovieTicketBookingAppTests */ = {
			isa = PBXGroup;
			children = (
				C09CD2212A84A1AA00C58757 /* MovieTicketBookingAppTests.swift */,
			);
			path = MovieTicketBookingAppTests;
			sourceTree = "<group>";
		};
		C09CD22A2A84A1AA00C58757 /* MovieTicketBookingAppUITests */ = {
			isa = PBXGroup;
			children = (
				C09CD22B2A84A1AA00C58757 /* MovieTicketBookingAppUITests.swift */,
				C09CD22D2A84A1AA00C58757 /* MovieTicketBookingAppUITestsLaunchTests.swift */,
			);
			path = MovieTicketBookingAppUITests;
			sourceTree = "<group>";
		};
		D3BEA1212A85970B008EE563 /* ViewController */ = {
			isa = PBXGroup;
			children = (
				D3BEA1252A859754008EE563 /* HomeScreenViewController.swift */,
			);
			path = ViewController;
			sourceTree = "<group>";
		};
		D3BEA1292A859836008EE563 /* Views */ = {
			isa = PBXGroup;
			children = (
				D3BEA12A2A8598E3008EE563 /* HomeScreenStoryboard.storyboard */,
			);
			path = Views;
			sourceTree = "<group>";
		};
		D3BEA1322A85CC2E008EE563 /* Model */ = {
			isa = PBXGroup;
			children = (
				D3BEA1332A85CC41008EE563 /* MovieModel.swift */,
				D338518F2A9021F400A1F671 /* VoucherModel.swift */,
			);
			path = Model;
			sourceTree = "<group>";
		};
		D3BEA13D2A85D90A008EE563 /* ViewCells */ = {
			isa = PBXGroup;
			children = (
				D3BEA1542A85E514008EE563 /* CollectionViewCells */,
			);
			path = ViewCells;
			sourceTree = "<group>";
		};
		D3BEA1542A85E514008EE563 /* CollectionViewCells */ = {
			isa = PBXGroup;
			children = (
				D3BEA1592A882C42008EE563 /* MovieCategoryCollectionViewCell.swift */,
				D3BEA15A2A882C42008EE563 /* MovieCategoryCollectionViewCell.xib */,
				D3BEA15D2A89CBFE008EE563 /* MovieCSCollectionViewCell.swift */,
				D3BEA15E2A89CBFE008EE563 /* MovieCSCollectionViewCell.xib */,
				D338518B2A901D8400A1F671 /* VoucherCollectionViewCell.swift */,
				D338518C2A901D8400A1F671 /* VoucherCollectionViewCell.xib */,
			);
			path = CollectionViewCells;
			sourceTree = "<group>";
		};
		D3BEA1A92A8F8CD9008EE563 /* Handler */ = {
			isa = PBXGroup;
			children = (
				D3BEA1AA2A8F8CF8008EE563 /* APIHandler.swift */,
			);
			path = Handler;
			sourceTree = "<group>";
		};
/* End PBXGroup section */

/* Begin PBXNativeTarget section */
		C09CD2062A84A1A900C58757 /* MovieTicketBookingApp */ = {
			isa = PBXNativeTarget;
			buildConfigurationList = C09CD2312A84A1AA00C58757 /* Build configuration list for PBXNativeTarget "MovieTicketBookingApp" */;
			buildPhases = (
				C09CD2032A84A1A900C58757 /* Sources */,
				C09CD2042A84A1A900C58757 /* Frameworks */,
				C09CD2052A84A1A900C58757 /* Resources */,
			);
			buildRules = (
			);
			dependencies = (
			);
			name = MovieTicketBookingApp;
			packageProductDependencies = (
				D3BEA1642A8D3126008EE563 /* CollectionViewPagingLayout */,
				D3BEA1AD2A8F8D14008EE563 /* Alamofire */,
				D33851892A8FFAD200A1F671 /* Kingfisher */,
			);
			productName = MovieTicketBookingApp;
			productReference = C09CD2072A84A1A900C58757 /* MovieTicketBookingApp.app */;
			productType = "com.apple.product-type.application";
		};
		C09CD21C2A84A1AA00C58757 /* MovieTicketBookingAppTests */ = {
			isa = PBXNativeTarget;
			buildConfigurationList = C09CD2342A84A1AA00C58757 /* Build configuration list for PBXNativeTarget "MovieTicketBookingAppTests" */;
			buildPhases = (
				C09CD2192A84A1AA00C58757 /* Sources */,
				C09CD21A2A84A1AA00C58757 /* Frameworks */,
				C09CD21B2A84A1AA00C58757 /* Resources */,
			);
			buildRules = (
			);
			dependencies = (
				C09CD21F2A84A1AA00C58757 /* PBXTargetDependency */,
			);
			name = MovieTicketBookingAppTests;
			productName = MovieTicketBookingAppTests;
			productReference = C09CD21D2A84A1AA00C58757 /* MovieTicketBookingAppTests.xctest */;
			productType = "com.apple.product-type.bundle.unit-test";
		};
		C09CD2262A84A1AA00C58757 /* MovieTicketBookingAppUITests */ = {
			isa = PBXNativeTarget;
			buildConfigurationList = C09CD2372A84A1AA00C58757 /* Build configuration list for PBXNativeTarget "MovieTicketBookingAppUITests" */;
			buildPhases = (
				C09CD2232A84A1AA00C58757 /* Sources */,
				C09CD2242A84A1AA00C58757 /* Frameworks */,
				C09CD2252A84A1AA00C58757 /* Resources */,
			);
			buildRules = (
			);
			dependencies = (
				C09CD2292A84A1AA00C58757 /* PBXTargetDependency */,
			);
			name = MovieTicketBookingAppUITests;
			productName = MovieTicketBookingAppUITests;
			productReference = C09CD2272A84A1AA00C58757 /* MovieTicketBookingAppUITests.xctest */;
			productType = "com.apple.product-type.bundle.ui-testing";
		};
/* End PBXNativeTarget section */

/* Begin PBXProject section */
		C09CD1FF2A84A1A900C58757 /* Project object */ = {
			isa = PBXProject;
			attributes = {
				BuildIndependentTargetsInParallel = 1;
				LastSwiftUpdateCheck = 1430;
				LastUpgradeCheck = 1430;
				TargetAttributes = {
					C09CD2062A84A1A900C58757 = {
						CreatedOnToolsVersion = 14.3.1;
					};
					C09CD21C2A84A1AA00C58757 = {
						CreatedOnToolsVersion = 14.3.1;
						TestTargetID = C09CD2062A84A1A900C58757;
					};
					C09CD2262A84A1AA00C58757 = {
						CreatedOnToolsVersion = 14.3.1;
						TestTargetID = C09CD2062A84A1A900C58757;
					};
				};
			};
			buildConfigurationList = C09CD2022A84A1A900C58757 /* Build configuration list for PBXProject "MovieTicketBookingApp" */;
			compatibilityVersion = "Xcode 14.0";
			developmentRegion = en;
			hasScannedForEncodings = 0;
			knownRegions = (
				en,
				Base,
			);
			mainGroup = C09CD1FE2A84A1A900C58757;
			packageReferences = (
				D3BEA1632A8D3126008EE563 /* XCRemoteSwiftPackageReference "CollectionViewPagingLayout" */,
				D3BEA1AC2A8F8D14008EE563 /* XCRemoteSwiftPackageReference "Alamofire" */,
				D33851882A8FFAD200A1F671 /* XCRemoteSwiftPackageReference "Kingfisher" */,
			);
			productRefGroup = C09CD2082A84A1A900C58757 /* Products */;
			projectDirPath = "";
			projectRoot = "";
			targets = (
				C09CD2062A84A1A900C58757 /* MovieTicketBookingApp */,
				C09CD21C2A84A1AA00C58757 /* MovieTicketBookingAppTests */,
				C09CD2262A84A1AA00C58757 /* MovieTicketBookingAppUITests */,
			);
		};
/* End PBXProject section */

/* Begin PBXResourcesBuildPhase section */
		C09CD2052A84A1A900C58757 /* Resources */ = {
			isa = PBXResourcesBuildPhase;
			buildActionMask = 2147483647;
			files = (
				D3BEA12B2A8598E3008EE563 /* HomeScreenStoryboard.storyboard in Resources */,
				C09CD2172A84A1A900C58757 /* LaunchScreen.storyboard in Resources */,
				D338518E2A901D8400A1F671 /* VoucherCollectionViewCell.xib in Resources */,
				C09CD2142A84A1A900C58757 /* Assets.xcassets in Resources */,
				D3BEA15C2A882C42008EE563 /* MovieCategoryCollectionViewCell.xib in Resources */,
				C09CD2122A84A1A900C58757 /* Main.storyboard in Resources */,
				D3BEA1602A89CBFE008EE563 /* MovieCSCollectionViewCell.xib in Resources */,
			);
			runOnlyForDeploymentPostprocessing = 0;
		};
		C09CD21B2A84A1AA00C58757 /* Resources */ = {
			isa = PBXResourcesBuildPhase;
			buildActionMask = 2147483647;
			files = (
			);
			runOnlyForDeploymentPostprocessing = 0;
		};
		C09CD2252A84A1AA00C58757 /* Resources */ = {
			isa = PBXResourcesBuildPhase;
			buildActionMask = 2147483647;
			files = (
			);
			runOnlyForDeploymentPostprocessing = 0;
		};
/* End PBXResourcesBuildPhase section */

/* Begin PBXSourcesBuildPhase section */
		C09CD2032A84A1A900C58757 /* Sources */ = {
			isa = PBXSourcesBuildPhase;
			buildActionMask = 2147483647;
			files = (
				D33851902A9021F400A1F671 /* VoucherModel.swift in Sources */,
				D3BEA15B2A882C42008EE563 /* MovieCategoryCollectionViewCell.swift in Sources */,
				D3BEA1342A85CC41008EE563 /* MovieModel.swift in Sources */,
				C09CD20F2A84A1A900C58757 /* ViewController.swift in Sources */,
				D3BEA1AB2A8F8CF8008EE563 /* APIHandler.swift in Sources */,
				D338518D2A901D8400A1F671 /* VoucherCollectionViewCell.swift in Sources */,
				D3BEA1262A859754008EE563 /* HomeScreenViewController.swift in Sources */,
				C09CD20B2A84A1A900C58757 /* AppDelegate.swift in Sources */,
				D3BEA15F2A89CBFE008EE563 /* MovieCSCollectionViewCell.swift in Sources */,
				C09CD20D2A84A1A900C58757 /* SceneDelegate.swift in Sources */,
			);
			runOnlyForDeploymentPostprocessing = 0;
		};
		C09CD2192A84A1AA00C58757 /* Sources */ = {
			isa = PBXSourcesBuildPhase;
			buildActionMask = 2147483647;
			files = (
				C09CD2222A84A1AA00C58757 /* MovieTicketBookingAppTests.swift in Sources */,
			);
			runOnlyForDeploymentPostprocessing = 0;
		};
		C09CD2232A84A1AA00C58757 /* Sources */ = {
			isa = PBXSourcesBuildPhase;
			buildActionMask = 2147483647;
			files = (
				C09CD22C2A84A1AA00C58757 /* MovieTicketBookingAppUITests.swift in Sources */,
				C09CD22E2A84A1AA00C58757 /* MovieTicketBookingAppUITestsLaunchTests.swift in Sources */,
			);
			runOnlyForDeploymentPostprocessing = 0;
		};
/* End PBXSourcesBuildPhase section */

/* Begin PBXTargetDependency section */
		C09CD21F2A84A1AA00C58757 /* PBXTargetDependency */ = {
			isa = PBXTargetDependency;
			target = C09CD2062A84A1A900C58757 /* MovieTicketBookingApp */;
			targetProxy = C09CD21E2A84A1AA00C58757 /* PBXContainerItemProxy */;
		};
		C09CD2292A84A1AA00C58757 /* PBXTargetDependency */ = {
			isa = PBXTargetDependency;
			target = C09CD2062A84A1A900C58757 /* MovieTicketBookingApp */;
			targetProxy = C09CD2282A84A1AA00C58757 /* PBXContainerItemProxy */;
		};
/* End PBXTargetDependency section */

/* Begin PBXVariantGroup section */
		C09CD2102A84A1A900C58757 /* Main.storyboard */ = {
			isa = PBXVariantGroup;
			children = (
				C09CD2112A84A1A900C58757 /* Base */,
			);
			name = Main.storyboard;
			sourceTree = "<group>";
		};
		C09CD2152A84A1A900C58757 /* LaunchScreen.storyboard */ = {
			isa = PBXVariantGroup;
			children = (
				C09CD2162A84A1A900C58757 /* Base */,
			);
			name = LaunchScreen.storyboard;
			sourceTree = "<group>";
		};
/* End PBXVariantGroup section */

/* Begin XCBuildConfiguration section */
		C09CD22F2A84A1AA00C58757 /* Debug */ = {
			isa = XCBuildConfiguration;
			buildSettings = {
				ALWAYS_SEARCH_USER_PATHS = NO;
				CLANG_ANALYZER_NONNULL = YES;
				CLANG_ANALYZER_NUMBER_OBJECT_CONVERSION = YES_AGGRESSIVE;
				CLANG_CXX_LANGUAGE_STANDARD = "gnu++20";
				CLANG_ENABLE_MODULES = YES;
				CLANG_ENABLE_OBJC_ARC = YES;
				CLANG_ENABLE_OBJC_WEAK = YES;
				CLANG_WARN_BLOCK_CAPTURE_AUTORELEASING = YES;
				CLANG_WARN_BOOL_CONVERSION = YES;
				CLANG_WARN_COMMA = YES;
				CLANG_WARN_CONSTANT_CONVERSION = YES;
				CLANG_WARN_DEPRECATED_OBJC_IMPLEMENTATIONS = YES;
				CLANG_WARN_DIRECT_OBJC_ISA_USAGE = YES_ERROR;
				CLANG_WARN_DOCUMENTATION_COMMENTS = YES;
				CLANG_WARN_EMPTY_BODY = YES;
				CLANG_WARN_ENUM_CONVERSION = YES;
				CLANG_WARN_INFINITE_RECURSION = YES;
				CLANG_WARN_INT_CONVERSION = YES;
				CLANG_WARN_NON_LITERAL_NULL_CONVERSION = YES;
				CLANG_WARN_OBJC_IMPLICIT_RETAIN_SELF = YES;
				CLANG_WARN_OBJC_LITERAL_CONVERSION = YES;
				CLANG_WARN_OBJC_ROOT_CLASS = YES_ERROR;
				CLANG_WARN_QUOTED_INCLUDE_IN_FRAMEWORK_HEADER = YES;
				CLANG_WARN_RANGE_LOOP_ANALYSIS = YES;
				CLANG_WARN_STRICT_PROTOTYPES = YES;
				CLANG_WARN_SUSPICIOUS_MOVE = YES;
				CLANG_WARN_UNGUARDED_AVAILABILITY = YES_AGGRESSIVE;
				CLANG_WARN_UNREACHABLE_CODE = YES;
				CLANG_WARN__DUPLICATE_METHOD_MATCH = YES;
				COPY_PHASE_STRIP = NO;
				DEBUG_INFORMATION_FORMAT = dwarf;
				ENABLE_STRICT_OBJC_MSGSEND = YES;
				ENABLE_TESTABILITY = YES;
				GCC_C_LANGUAGE_STANDARD = gnu11;
				GCC_DYNAMIC_NO_PIC = NO;
				GCC_NO_COMMON_BLOCKS = YES;
				GCC_OPTIMIZATION_LEVEL = 0;
				GCC_PREPROCESSOR_DEFINITIONS = (
					"DEBUG=1",
					"$(inherited)",
				);
				GCC_WARN_64_TO_32_BIT_CONVERSION = YES;
				GCC_WARN_ABOUT_RETURN_TYPE = YES_ERROR;
				GCC_WARN_UNDECLARED_SELECTOR = YES;
				GCC_WARN_UNINITIALIZED_AUTOS = YES_AGGRESSIVE;
				GCC_WARN_UNUSED_FUNCTION = YES;
				GCC_WARN_UNUSED_VARIABLE = YES;
				IPHONEOS_DEPLOYMENT_TARGET = 16.4;
				MTL_ENABLE_DEBUG_INFO = INCLUDE_SOURCE;
				MTL_FAST_MATH = YES;
				ONLY_ACTIVE_ARCH = YES;
				SDKROOT = iphoneos;
				SWIFT_ACTIVE_COMPILATION_CONDITIONS = DEBUG;
				SWIFT_OPTIMIZATION_LEVEL = "-Onone";
			};
			name = Debug;
		};
		C09CD2302A84A1AA00C58757 /* Release */ = {
			isa = XCBuildConfiguration;
			buildSettings = {
				ALWAYS_SEARCH_USER_PATHS = NO;
				CLANG_ANALYZER_NONNULL = YES;
				CLANG_ANALYZER_NUMBER_OBJECT_CONVERSION = YES_AGGRESSIVE;
				CLANG_CXX_LANGUAGE_STANDARD = "gnu++20";
				CLANG_ENABLE_MODULES = YES;
				CLANG_ENABLE_OBJC_ARC = YES;
				CLANG_ENABLE_OBJC_WEAK = YES;
				CLANG_WARN_BLOCK_CAPTURE_AUTORELEASING = YES;
				CLANG_WARN_BOOL_CONVERSION = YES;
				CLANG_WARN_COMMA = YES;
				CLANG_WARN_CONSTANT_CONVERSION = YES;
				CLANG_WARN_DEPRECATED_OBJC_IMPLEMENTATIONS = YES;
				CLANG_WARN_DIRECT_OBJC_ISA_USAGE = YES_ERROR;
				CLANG_WARN_DOCUMENTATION_COMMENTS = YES;
				CLANG_WARN_EMPTY_BODY = YES;
				CLANG_WARN_ENUM_CONVERSION = YES;
				CLANG_WARN_INFINITE_RECURSION = YES;
				CLANG_WARN_INT_CONVERSION = YES;
				CLANG_WARN_NON_LITERAL_NULL_CONVERSION = YES;
				CLANG_WARN_OBJC_IMPLICIT_RETAIN_SELF = YES;
				CLANG_WARN_OBJC_LITERAL_CONVERSION = YES;
				CLANG_WARN_OBJC_ROOT_CLASS = YES_ERROR;
				CLANG_WARN_QUOTED_INCLUDE_IN_FRAMEWORK_HEADER = YES;
				CLANG_WARN_RANGE_LOOP_ANALYSIS = YES;
				CLANG_WARN_STRICT_PROTOTYPES = YES;
				CLANG_WARN_SUSPICIOUS_MOVE = YES;
				CLANG_WARN_UNGUARDED_AVAILABILITY = YES_AGGRESSIVE;
				CLANG_WARN_UNREACHABLE_CODE = YES;
				CLANG_WARN__DUPLICATE_METHOD_MATCH = YES;
				COPY_PHASE_STRIP = NO;
				DEBUG_INFORMATION_FORMAT = "dwarf-with-dsym";
				ENABLE_NS_ASSERTIONS = NO;
				ENABLE_STRICT_OBJC_MSGSEND = YES;
				GCC_C_LANGUAGE_STANDARD = gnu11;
				GCC_NO_COMMON_BLOCKS = YES;
				GCC_WARN_64_TO_32_BIT_CONVERSION = YES;
				GCC_WARN_ABOUT_RETURN_TYPE = YES_ERROR;
				GCC_WARN_UNDECLARED_SELECTOR = YES;
				GCC_WARN_UNINITIALIZED_AUTOS = YES_AGGRESSIVE;
				GCC_WARN_UNUSED_FUNCTION = YES;
				GCC_WARN_UNUSED_VARIABLE = YES;
				IPHONEOS_DEPLOYMENT_TARGET = 16.4;
				MTL_ENABLE_DEBUG_INFO = NO;
				MTL_FAST_MATH = YES;
				SDKROOT = iphoneos;
				SWIFT_COMPILATION_MODE = wholemodule;
				SWIFT_OPTIMIZATION_LEVEL = "-O";
				VALIDATE_PRODUCT = YES;
			};
			name = Release;
		};
		C09CD2322A84A1AA00C58757 /* Debug */ = {
			isa = XCBuildConfiguration;
			buildSettings = {
				ASSETCATALOG_COMPILER_APPICON_NAME = AppIcon;
				ASSETCATALOG_COMPILER_GLOBAL_ACCENT_COLOR_NAME = AccentColor;
				CODE_SIGN_STYLE = Automatic;
				CURRENT_PROJECT_VERSION = 1;
				GENERATE_INFOPLIST_FILE = YES;
				INFOPLIST_FILE = MovieTicketBookingApp/Info.plist;
				INFOPLIST_KEY_UIApplicationSupportsIndirectInputEvents = YES;
				INFOPLIST_KEY_UILaunchStoryboardName = LaunchScreen;
				INFOPLIST_KEY_UIMainStoryboardFile = HomeScreenStoryboard;
				INFOPLIST_KEY_UIRequiresFullScreen = NO;
				INFOPLIST_KEY_UIStatusBarStyle = "";
				INFOPLIST_KEY_UISupportedInterfaceOrientations_iPad = "UIInterfaceOrientationPortrait UIInterfaceOrientationPortraitUpsideDown UIInterfaceOrientationLandscapeLeft UIInterfaceOrientationLandscapeRight";
				INFOPLIST_KEY_UISupportedInterfaceOrientations_iPhone = "UIInterfaceOrientationPortrait UIInterfaceOrientationLandscapeLeft UIInterfaceOrientationLandscapeRight";
				LD_RUNPATH_SEARCH_PATHS = (
					"$(inherited)",
					"@executable_path/Frameworks",
				);
				MARKETING_VERSION = 1.0;
				PRODUCT_BUNDLE_IDENTIFIER = app.MovieTicketBooking.MovieTicketBookingApp;
				PRODUCT_NAME = "$(TARGET_NAME)";
				SWIFT_EMIT_LOC_STRINGS = YES;
				SWIFT_VERSION = 5.0;
				TARGETED_DEVICE_FAMILY = "1,2";
			};
			name = Debug;
		};
		C09CD2332A84A1AA00C58757 /* Release */ = {
			isa = XCBuildConfiguration;
			buildSettings = {
				ASSETCATALOG_COMPILER_APPICON_NAME = AppIcon;
				ASSETCATALOG_COMPILER_GLOBAL_ACCENT_COLOR_NAME = AccentColor;
				CODE_SIGN_STYLE = Automatic;
				CURRENT_PROJECT_VERSION = 1;
				GENERATE_INFOPLIST_FILE = YES;
				INFOPLIST_FILE = MovieTicketBookingApp/Info.plist;
				INFOPLIST_KEY_UIApplicationSupportsIndirectInputEvents = YES;
				INFOPLIST_KEY_UILaunchStoryboardName = LaunchScreen;
				INFOPLIST_KEY_UIMainStoryboardFile = HomeScreenStoryboard;
				INFOPLIST_KEY_UIRequiresFullScreen = NO;
				INFOPLIST_KEY_UIStatusBarStyle = "";
				INFOPLIST_KEY_UISupportedInterfaceOrientations_iPad = "UIInterfaceOrientationPortrait UIInterfaceOrientationPortraitUpsideDown UIInterfaceOrientationLandscapeLeft UIInterfaceOrientationLandscapeRight";
				INFOPLIST_KEY_UISupportedInterfaceOrientations_iPhone = "UIInterfaceOrientationPortrait UIInterfaceOrientationLandscapeLeft UIInterfaceOrientationLandscapeRight";
				LD_RUNPATH_SEARCH_PATHS = (
					"$(inherited)",
					"@executable_path/Frameworks",
				);
				MARKETING_VERSION = 1.0;
				PRODUCT_BUNDLE_IDENTIFIER = app.MovieTicketBooking.MovieTicketBookingApp;
				PRODUCT_NAME = "$(TARGET_NAME)";
				SWIFT_EMIT_LOC_STRINGS = YES;
				SWIFT_VERSION = 5.0;
				TARGETED_DEVICE_FAMILY = "1,2";
			};
			name = Release;
		};
		C09CD2352A84A1AA00C58757 /* Debug */ = {
			isa = XCBuildConfiguration;
			buildSettings = {
				ALWAYS_EMBED_SWIFT_STANDARD_LIBRARIES = YES;
				BUNDLE_LOADER = "$(TEST_HOST)";
				CODE_SIGN_STYLE = Automatic;
				CURRENT_PROJECT_VERSION = 1;
				GENERATE_INFOPLIST_FILE = YES;
				IPHONEOS_DEPLOYMENT_TARGET = 16.4;
				MARKETING_VERSION = 1.0;
				PRODUCT_BUNDLE_IDENTIFIER = app.MovieTicketBooking.MovieTicketBookingAppTests;
				PRODUCT_NAME = "$(TARGET_NAME)";
				SWIFT_EMIT_LOC_STRINGS = NO;
				SWIFT_VERSION = 5.0;
				TARGETED_DEVICE_FAMILY = "1,2";
				TEST_HOST = "$(BUILT_PRODUCTS_DIR)/MovieTicketBookingApp.app/$(BUNDLE_EXECUTABLE_FOLDER_PATH)/MovieTicketBookingApp";
			};
			name = Debug;
		};
		C09CD2362A84A1AA00C58757 /* Release */ = {
			isa = XCBuildConfiguration;
			buildSettings = {
				ALWAYS_EMBED_SWIFT_STANDARD_LIBRARIES = YES;
				BUNDLE_LOADER = "$(TEST_HOST)";
				CODE_SIGN_STYLE = Automatic;
				CURRENT_PROJECT_VERSION = 1;
				GENERATE_INFOPLIST_FILE = YES;
				IPHONEOS_DEPLOYMENT_TARGET = 16.4;
				MARKETING_VERSION = 1.0;
				PRODUCT_BUNDLE_IDENTIFIER = app.MovieTicketBooking.MovieTicketBookingAppTests;
				PRODUCT_NAME = "$(TARGET_NAME)";
				SWIFT_EMIT_LOC_STRINGS = NO;
				SWIFT_VERSION = 5.0;
				TARGETED_DEVICE_FAMILY = "1,2";
				TEST_HOST = "$(BUILT_PRODUCTS_DIR)/MovieTicketBookingApp.app/$(BUNDLE_EXECUTABLE_FOLDER_PATH)/MovieTicketBookingApp";
			};
			name = Release;
		};
		C09CD2382A84A1AA00C58757 /* Debug */ = {
			isa = XCBuildConfiguration;
			buildSettings = {
				ALWAYS_EMBED_SWIFT_STANDARD_LIBRARIES = YES;
				CODE_SIGN_STYLE = Automatic;
				CURRENT_PROJECT_VERSION = 1;
				GENERATE_INFOPLIST_FILE = YES;
				MARKETING_VERSION = 1.0;
				PRODUCT_BUNDLE_IDENTIFIER = app.MovieTicketBooking.MovieTicketBookingAppUITests;
				PRODUCT_NAME = "$(TARGET_NAME)";
				SWIFT_EMIT_LOC_STRINGS = NO;
				SWIFT_VERSION = 5.0;
				TARGETED_DEVICE_FAMILY = "1,2";
				TEST_TARGET_NAME = MovieTicketBookingApp;
			};
			name = Debug;
		};
		C09CD2392A84A1AA00C58757 /* Release */ = {
			isa = XCBuildConfiguration;
			buildSettings = {
				ALWAYS_EMBED_SWIFT_STANDARD_LIBRARIES = YES;
				CODE_SIGN_STYLE = Automatic;
				CURRENT_PROJECT_VERSION = 1;
				GENERATE_INFOPLIST_FILE = YES;
				MARKETING_VERSION = 1.0;
				PRODUCT_BUNDLE_IDENTIFIER = app.MovieTicketBooking.MovieTicketBookingAppUITests;
				PRODUCT_NAME = "$(TARGET_NAME)";
				SWIFT_EMIT_LOC_STRINGS = NO;
				SWIFT_VERSION = 5.0;
				TARGETED_DEVICE_FAMILY = "1,2";
				TEST_TARGET_NAME = MovieTicketBookingApp;
			};
			name = Release;
		};
/* End XCBuildConfiguration section */

/* Begin XCConfigurationList section */
		C09CD2022A84A1A900C58757 /* Build configuration list for PBXProject "MovieTicketBookingApp" */ = {
			isa = XCConfigurationList;
			buildConfigurations = (
				C09CD22F2A84A1AA00C58757 /* Debug */,
				C09CD2302A84A1AA00C58757 /* Release */,
			);
			defaultConfigurationIsVisible = 0;
			defaultConfigurationName = Release;
		};
		C09CD2312A84A1AA00C58757 /* Build configuration list for PBXNativeTarget "MovieTicketBookingApp" */ = {
			isa = XCConfigurationList;
			buildConfigurations = (
				C09CD2322A84A1AA00C58757 /* Debug */,
				C09CD2332A84A1AA00C58757 /* Release */,
			);
			defaultConfigurationIsVisible = 0;
			defaultConfigurationName = Release;
		};
		C09CD2342A84A1AA00C58757 /* Build configuration list for PBXNativeTarget "MovieTicketBookingAppTests" */ = {
			isa = XCConfigurationList;
			buildConfigurations = (
				C09CD2352A84A1AA00C58757 /* Debug */,
				C09CD2362A84A1AA00C58757 /* Release */,
			);
			defaultConfigurationIsVisible = 0;
			defaultConfigurationName = Release;
		};
		C09CD2372A84A1AA00C58757 /* Build configuration list for PBXNativeTarget "MovieTicketBookingAppUITests" */ = {
			isa = XCConfigurationList;
			buildConfigurations = (
				C09CD2382A84A1AA00C58757 /* Debug */,
				C09CD2392A84A1AA00C58757 /* Release */,
			);
			defaultConfigurationIsVisible = 0;
			defaultConfigurationName = Release;
		};
/* End XCConfigurationList section */

/* Begin XCRemoteSwiftPackageReference section */
		D33851882A8FFAD200A1F671 /* XCRemoteSwiftPackageReference "Kingfisher" */ = {
			isa = XCRemoteSwiftPackageReference;
			repositoryURL = "https://github.com/onevcat/Kingfisher";
			requirement = {
				kind = upToNextMajorVersion;
				minimumVersion = 7.0.0;
			};
		};
		D3BEA1632A8D3126008EE563 /* XCRemoteSwiftPackageReference "CollectionViewPagingLayout" */ = {
			isa = XCRemoteSwiftPackageReference;
			repositoryURL = "https://github.com/amirdew/CollectionViewPagingLayout.git";
			requirement = {
				kind = upToNextMajorVersion;
				minimumVersion = 1.0.0;
			};
		};
		D3BEA1AC2A8F8D14008EE563 /* XCRemoteSwiftPackageReference "Alamofire" */ = {
			isa = XCRemoteSwiftPackageReference;
			repositoryURL = "https://github.com/Alamofire/Alamofire.git";
			requirement = {
				kind = upToNextMajorVersion;
				minimumVersion = 5.0.0;
			};
		};
/* End XCRemoteSwiftPackageReference section */

/* Begin XCSwiftPackageProductDependency section */
		D33851892A8FFAD200A1F671 /* Kingfisher */ = {
			isa = XCSwiftPackageProductDependency;
			package = D33851882A8FFAD200A1F671 /* XCRemoteSwiftPackageReference "Kingfisher" */;
			productName = Kingfisher;
		};
		D3BEA1642A8D3126008EE563 /* CollectionViewPagingLayout */ = {
			isa = XCSwiftPackageProductDependency;
			package = D3BEA1632A8D3126008EE563 /* XCRemoteSwiftPackageReference "CollectionViewPagingLayout" */;
			productName = CollectionViewPagingLayout;
		};
		D3BEA1AD2A8F8D14008EE563 /* Alamofire */ = {
			isa = XCSwiftPackageProductDependency;
			package = D3BEA1AC2A8F8D14008EE563 /* XCRemoteSwiftPackageReference "Alamofire" */;
			productName = Alamofire;
		};
/* End XCSwiftPackageProductDependency section */
	};
	rootObject = C09CD1FF2A84A1A900C58757 /* Project object */;
}
